# THIS IS AN AUTOGENERATED FILE. DO NOT EDIT THIS FILE DIRECTLY.
# yarn lockfile v1


"@ssecd/jkn@^0.6.1":
  version "0.6.1"
  resolved "https://registry.yarnpkg.com/@ssecd/jkn/-/jkn-0.6.1.tgz#ad3a52d9cfc3cbeee1a2b733c8753b579f1c8e89"
  integrity sha512-1hf7FShr4l3EMOQLsbrqaAZQiGqThY/hPOVMDGQp+/Oc9RVlezTR7lBRjAvU2NLzwDtOF7kyiaKLHfsyICufDg==
  dependencies:
    lz-string "^1.5.0"

"@types/fhir@^0.0.41":
  version "0.0.41"
  resolved "https://registry.yarnpkg.com/@types/fhir/-/fhir-0.0.41.tgz#c5215e2fda46d694111cdd36e12fd8124a3f12d6"
  integrity sha512-MAQAFufNZBZ6V0F94Nhknmmh/E3iMXFK4n/L8RkSNjKtOJnvaAJERivNOj35VVx9VCQBJbE0BHSzikfBahoRhA==

crypto-js@^4.2.0:
  version "4.2.0"
  resolved "https://registry.yarnpkg.com/crypto-js/-/crypto-js-4.2.0.tgz#4d931639ecdfd12ff80e8186dba6af2c2e856631"
  integrity sha512-KALDyEYgpY+Rlob/iriUtjV6d5Eq+Y191A5g4UqLAi8CyGP9N1+FdVbkc1SxKc2r4YAYqG8JzO2KGL+AizD70Q==

dotenv@^16.4.5:
  version "16.4.5"
  resolved "https://registry.yarnpkg.com/dotenv/-/dotenv-16.4.5.tgz#cdd3b3b604cb327e286b4762e13502f717cb099f"
  integrity sha512-ZmdL2rui+eB2YwhsWzjInR8LldtZHGDoQ1ugH85ppHKwpUHL7j7rN0Ti9NCnGiQbhaZ11FpR+7ao1dNsmduNUg==

lz-string@^1.5.0:
  version "1.5.0"
  resolved "https://registry.yarnpkg.com/lz-string/-/lz-string-1.5.0.tgz#c1ab50f77887b712621201ba9fd4e3a6ed099941"
  integrity sha512-h5bgJWpxJNswbU7qCrV0tIKQCaS3blPDrqKWx+QxzuzL1zGUzij9XCWLrSLsJPu5t+eWA/ycetzYAO5IOMcWAQ==
